schema: '2.0'
stages:
  ingestion:
    cmd: python src/data_ingestion.py
    deps:
    - path: data/raw/test.csv
      hash: md5
      md5: dcec4b79bf9c7317bd9e17789bf888f0
      size: 451405
    - path: data/raw/train.csv
      hash: md5
      md5: 80ccab65fb115cbad143dbbd2bcd5577
      size: 460676
    - path: src/data_ingestion.py
      hash: md5
      md5: 589cf80171ebcfdc1964db6c5917aea1
      size: 1026
  preprocessing:
    cmd: python src/data_preprocessing.py
    deps:
    - path: data/raw/test.csv
      hash: md5
      md5: dcec4b79bf9c7317bd9e17789bf888f0
      size: 451405
    - path: data/raw/train.csv
      hash: md5
      md5: 80ccab65fb115cbad143dbbd2bcd5577
      size: 460676
    - path: src/data_preprocessing.py
      hash: md5
      md5: 57b9ea7d1c72e8c57b983e562ba9422f
      size: 2862
    outs:
    - path: data/processed/test_processed.csv
      hash: md5
      md5: 9bb4943106481e7dc87f8a7f7a054876
      size: 491106
    - path: data/processed/train_processed.csv
      hash: md5
      md5: d66cb04787753d3a88d5416c18dc2f6d
      size: 478090
  train:
    cmd: python src/train.py
    deps:
    - path: data/processed/train_processed.csv
      hash: md5
      md5: d66cb04787753d3a88d5416c18dc2f6d
      size: 478090
    - path: src/train.py
      hash: md5
      md5: d4042eafc750c3613c110609332ec4d3
      size: 1755
