schema: '2.0'
stages:
  ingestion:
    cmd: python src/data_ingestion.py
    deps:
    - path: data/raw/test.csv
      hash: md5
      md5: dcec4b79bf9c7317bd9e17789bf888f0
      size: 451405
    - path: data/raw/train.csv
      hash: md5
      md5: 80ccab65fb115cbad143dbbd2bcd5577
      size: 460676
    - path: src/data_ingestion.py
      hash: md5
      md5: 589cf80171ebcfdc1964db6c5917aea1
      size: 1026
  preprocessing:
    cmd: python src/data_preprocessing.py
    deps:
    - path: data/raw/test.csv
      hash: md5
      md5: dcec4b79bf9c7317bd9e17789bf888f0
      size: 451405
    - path: data/raw/train.csv
      hash: md5
      md5: 80ccab65fb115cbad143dbbd2bcd5577
      size: 460676
    - path: src/data_preprocessing.py
      hash: md5
      md5: 9d93a067857ecb0a6c28b3a23534336d
      size: 3563
    outs:
    - path: data/processed/test_processed.csv
      hash: md5
      md5: 9bb4943106481e7dc87f8a7f7a054876
      size: 491106
    - path: data/processed/train_processed.csv
      hash: md5
      md5: c62c84f28273bb835f572e4d979fe933
      size: 495794
  train:
    cmd: python src/train.py
    deps:
    - path: data/processed/train_processed.csv
      hash: md5
      md5: c62c84f28273bb835f572e4d979fe933
      size: 495794
    - path: src/train.py
      hash: md5
      md5: 9b190b1a8878f7f071b46e2903f98d35
      size: 1868
